
Microsoft Visual Studio Solution File, Format Version 12.00
# Visual Studio Version 16
VisualStudioVersion = 25.0.1706.9
MinimumVisualStudioVersion = 10.0.40219.1
Project("{2150E333-8FDC-42A3-9474-1A3956D46DE8}") = "Solution Items", "Solution Items", "{41E162F2-F48A-4FE4-9B3B-55CD98ACD3C7}"
	ProjectSection(SolutionItems) = preProject
		singularsystems-sales.md = singularsystems-sales.md
	EndProjectSection
EndProject
Project("{2150E333-8FDC-42A3-9474-1A3956D46DE8}") = "SingularSystems.Products.Web", "SingularSystems.Products.Web", "{99DB4229-8EC9-4394-B4E7-CCA0D27A2203}"
EndProject
Project("{FAE04EC0-301F-11D3-BF4B-00C04F79EFBC}") = "SingularSystems.Api.Products", "SingularSystems.Api.Products\SingularSystems.Api.Products.csproj", "{37A00841-F8E8-4627-B3D2-3909DEB90FD8}"
EndProject
Project("{FAE04EC0-301F-11D3-BF4B-00C04F79EFBC}") = "SingularSystems.Common.HttpSupport", "SingularSystems.Common.HttpSupport\SingularSystems.Common.HttpSupport.csproj", "{0161FCBD-4B34-4F5B-8A28-426B04E191C1}"
EndProject
Project("{FAE04EC0-301F-11D3-BF4B-00C04F79EFBC}") = "SingularSystem.Api.Products.Domain", "SingularSystem.Api.Products.Domain\SingularSystem.Api.Products.Domain.csproj", "{B424365C-4DCA-49B6-96FE-C70705A3F8C0}"
EndProject
Global
	GlobalSection(SolutionConfigurationPlatforms) = preSolution
		Debug|Any CPU = Debug|Any CPU
		Release|Any CPU = Release|Any CPU
	EndGlobalSection
	GlobalSection(ProjectConfigurationPlatforms) = postSolution
		{37A00841-F8E8-4627-B3D2-3909DEB90FD8}.Debug|Any CPU.ActiveCfg = Debug|Any CPU
		{37A00841-F8E8-4627-B3D2-3909DEB90FD8}.Debug|Any CPU.Build.0 = Debug|Any CPU
		{37A00841-F8E8-4627-B3D2-3909DEB90FD8}.Release|Any CPU.ActiveCfg = Release|Any CPU
		{37A00841-F8E8-4627-B3D2-3909DEB90FD8}.Release|Any CPU.Build.0 = Release|Any CPU
		{0161FCBD-4B34-4F5B-8A28-426B04E191C1}.Debug|Any CPU.ActiveCfg = Debug|Any CPU
		{0161FCBD-4B34-4F5B-8A28-426B04E191C1}.Debug|Any CPU.Build.0 = Debug|Any CPU
		{0161FCBD-4B34-4F5B-8A28-426B04E191C1}.Release|Any CPU.ActiveCfg = Release|Any CPU
		{0161FCBD-4B34-4F5B-8A28-426B04E191C1}.Release|Any CPU.Build.0 = Release|Any CPU
		{B424365C-4DCA-49B6-96FE-C70705A3F8C0}.Debug|Any CPU.ActiveCfg = Debug|Any CPU
		{B424365C-4DCA-49B6-96FE-C70705A3F8C0}.Debug|Any CPU.Build.0 = Debug|Any CPU
		{B424365C-4DCA-49B6-96FE-C70705A3F8C0}.Release|Any CPU.ActiveCfg = Release|Any CPU
		{B424365C-4DCA-49B6-96FE-C70705A3F8C0}.Release|Any CPU.Build.0 = Release|Any CPU
	EndGlobalSection
	GlobalSection(SolutionProperties) = preSolution
		HideSolutionNode = FALSE
	EndGlobalSection
	GlobalSection(ExtensibilityGlobals) = postSolution
		SolutionGuid = {C2DF5C5A-B142-45AF-BAFB-59195CA8CC7D}
	EndGlobalSection
EndGlobal
